
Microsoft Visual Studio Solution File, Format Version 12.00
# Visual Studio Version 17
VisualStudioVersion = 17.12.35707.178
MinimumVisualStudioVersion = 10.0.40219.1
Project("{FAE04EC0-301F-11D3-BF4B-00C04F79EFBC}") = "Nestify.Api", "Nestify.Api\Nestify.Api.csproj", "{A35600F1-CABB-4CDA-B0C5-395BF7328C8A}"
EndProject
Project("{FAE04EC0-301F-11D3-BF4B-00C04F79EFBC}") = "Nestify.Api.Tests.Unit", "Nestify.Api.Tests.Unit\Nestify.Api.Tests.Unit.csproj", "{4CD1B49D-724C-487B-90EB-9B454FD01805}"
EndProject
Project("{FAE04EC0-301F-11D3-BF4B-00C04F79EFBC}") = "Nestify.Api.Infrastructure.Build", "Nestify.Api.Infrastructure.Build\Nestify.Api.Infrastructure.Build.csproj", "{750DC4B5-9340-4675-A5FE-440E01ED7DB8}"
EndProject
Global
	GlobalSection(SolutionConfigurationPlatforms) = preSolution
		Debug|Any CPU = Debug|Any CPU
		Release|Any CPU = Release|Any CPU
	EndGlobalSection
	GlobalSection(ProjectConfigurationPlatforms) = postSolution
		{A35600F1-CABB-4CDA-B0C5-395BF7328C8A}.Debug|Any CPU.ActiveCfg = Debug|Any CPU
		{A35600F1-CABB-4CDA-B0C5-395BF7328C8A}.Debug|Any CPU.Build.0 = Debug|Any CPU
		{A35600F1-CABB-4CDA-B0C5-395BF7328C8A}.Release|Any CPU.ActiveCfg = Release|Any CPU
		{A35600F1-CABB-4CDA-B0C5-395BF7328C8A}.Release|Any CPU.Build.0 = Release|Any CPU
		{4CD1B49D-724C-487B-90EB-9B454FD01805}.Debug|Any CPU.ActiveCfg = Debug|Any CPU
		{4CD1B49D-724C-487B-90EB-9B454FD01805}.Debug|Any CPU.Build.0 = Debug|Any CPU
		{4CD1B49D-724C-487B-90EB-9B454FD01805}.Release|Any CPU.ActiveCfg = Release|Any CPU
		{4CD1B49D-724C-487B-90EB-9B454FD01805}.Release|Any CPU.Build.0 = Release|Any CPU
		{750DC4B5-9340-4675-A5FE-440E01ED7DB8}.Debug|Any CPU.ActiveCfg = Debug|Any CPU
		{750DC4B5-9340-4675-A5FE-440E01ED7DB8}.Debug|Any CPU.Build.0 = Debug|Any CPU
		{750DC4B5-9340-4675-A5FE-440E01ED7DB8}.Release|Any CPU.ActiveCfg = Release|Any CPU
		{750DC4B5-9340-4675-A5FE-440E01ED7DB8}.Release|Any CPU.Build.0 = Release|Any CPU
	EndGlobalSection
	GlobalSection(SolutionProperties) = preSolution
		HideSolutionNode = FALSE
	EndGlobalSection
	GlobalSection(ExtensibilityGlobals) = postSolution
		SolutionGuid = {97475AA9-E6F9-45DE-965E-71E1B4A1B3B2}
	EndGlobalSection
EndGlobal
